
Microsoft Visual Studio Solution File, Format Version 12.00
# Visual Studio Version 16
VisualStudioVersion = 16.0.31624.102
MinimumVisualStudioVersion = 10.0.40219.1
Project("{8BC9CEB8-8B4A-11D0-8D11-00A0C91BC942}") = "tree", "tree\tree.vcxproj", "{3B3CC20F-592C-4A2A-8A52-0E1C95BF212F}"
EndProject
Project("{8BC9CEB8-8B4A-11D0-8D11-00A0C91BC942}") = "queue", "..\..\LABA$5\queue\queue\queue.vcxproj", "{26D18FB0-208B-479D-ABF3-99B8A1A3D0CE}"
EndProject
Project("{8BC9CEB8-8B4A-11D0-8D11-00A0C91BC942}") = "vector", "..\..\LABA$1\vector\vector\vector.vcxproj", "{9D667894-5D2E-4E60-A9C4-3E3255F5CD2A}"
EndProject
Project("{8BC9CEB8-8B4A-11D0-8D11-00A0C91BC942}") = "deque", "..\..\LABA$5\deque\deque.vcxproj", "{7408A6DC-62E1-49DC-9C20-D609D65AD4C8}"
EndProject
Project("{8BC9CEB8-8B4A-11D0-8D11-00A0C91BC942}") = "double_list", "..\..\LABA$3\double_list\double_list\double_list.vcxproj", "{AF1E14F1-D456-4E90-9B35-96D04E994598}"
EndProject
Global
	GlobalSection(SolutionConfigurationPlatforms) = preSolution
		Debug|x64 = Debug|x64
		Debug|x86 = Debug|x86
		Release|x64 = Release|x64
		Release|x86 = Release|x86
	EndGlobalSection
	GlobalSection(ProjectConfigurationPlatforms) = postSolution
		{3B3CC20F-592C-4A2A-8A52-0E1C95BF212F}.Debug|x64.ActiveCfg = Debug|x64
		{3B3CC20F-592C-4A2A-8A52-0E1C95BF212F}.Debug|x64.Build.0 = Debug|x64
		{3B3CC20F-592C-4A2A-8A52-0E1C95BF212F}.Debug|x86.ActiveCfg = Debug|Win32
		{3B3CC20F-592C-4A2A-8A52-0E1C95BF212F}.Debug|x86.Build.0 = Debug|Win32
		{3B3CC20F-592C-4A2A-8A52-0E1C95BF212F}.Release|x64.ActiveCfg = Release|x64
		{3B3CC20F-592C-4A2A-8A52-0E1C95BF212F}.Release|x64.Build.0 = Release|x64
		{3B3CC20F-592C-4A2A-8A52-0E1C95BF212F}.Release|x86.ActiveCfg = Release|Win32
		{3B3CC20F-592C-4A2A-8A52-0E1C95BF212F}.Release|x86.Build.0 = Release|Win32
		{26D18FB0-208B-479D-ABF3-99B8A1A3D0CE}.Debug|x64.ActiveCfg = Debug|x64
		{26D18FB0-208B-479D-ABF3-99B8A1A3D0CE}.Debug|x64.Build.0 = Debug|x64
		{26D18FB0-208B-479D-ABF3-99B8A1A3D0CE}.Debug|x86.ActiveCfg = Debug|Win32
		{26D18FB0-208B-479D-ABF3-99B8A1A3D0CE}.Debug|x86.Build.0 = Debug|Win32
		{26D18FB0-208B-479D-ABF3-99B8A1A3D0CE}.Release|x64.ActiveCfg = Release|x64
		{26D18FB0-208B-479D-ABF3-99B8A1A3D0CE}.Release|x64.Build.0 = Release|x64
		{26D18FB0-208B-479D-ABF3-99B8A1A3D0CE}.Release|x86.ActiveCfg = Release|Win32
		{26D18FB0-208B-479D-ABF3-99B8A1A3D0CE}.Release|x86.Build.0 = Release|Win32
		{9D667894-5D2E-4E60-A9C4-3E3255F5CD2A}.Debug|x64.ActiveCfg = Debug|x64
		{9D667894-5D2E-4E60-A9C4-3E3255F5CD2A}.Debug|x64.Build.0 = Debug|x64
		{9D667894-5D2E-4E60-A9C4-3E3255F5CD2A}.Debug|x86.ActiveCfg = Debug|Win32
		{9D667894-5D2E-4E60-A9C4-3E3255F5CD2A}.Debug|x86.Build.0 = Debug|Win32
		{9D667894-5D2E-4E60-A9C4-3E3255F5CD2A}.Release|x64.ActiveCfg = Release|x64
		{9D667894-5D2E-4E60-A9C4-3E3255F5CD2A}.Release|x64.Build.0 = Release|x64
		{9D667894-5D2E-4E60-A9C4-3E3255F5CD2A}.Release|x86.ActiveCfg = Release|Win32
		{9D667894-5D2E-4E60-A9C4-3E3255F5CD2A}.Release|x86.Build.0 = Release|Win32
		{7408A6DC-62E1-49DC-9C20-D609D65AD4C8}.Debug|x64.ActiveCfg = Debug|x64
		{7408A6DC-62E1-49DC-9C20-D609D65AD4C8}.Debug|x64.Build.0 = Debug|x64
		{7408A6DC-62E1-49DC-9C20-D609D65AD4C8}.Debug|x86.ActiveCfg = Debug|Win32
		{7408A6DC-62E1-49DC-9C20-D609D65AD4C8}.Debug|x86.Build.0 = Debug|Win32
		{7408A6DC-62E1-49DC-9C20-D609D65AD4C8}.Release|x64.ActiveCfg = Release|x64
		{7408A6DC-62E1-49DC-9C20-D609D65AD4C8}.Release|x64.Build.0 = Release|x64
		{7408A6DC-62E1-49DC-9C20-D609D65AD4C8}.Release|x86.ActiveCfg = Release|Win32
		{7408A6DC-62E1-49DC-9C20-D609D65AD4C8}.Release|x86.Build.0 = Release|Win32
		{AF1E14F1-D456-4E90-9B35-96D04E994598}.Debug|x64.ActiveCfg = Debug|x64
		{AF1E14F1-D456-4E90-9B35-96D04E994598}.Debug|x64.Build.0 = Debug|x64
		{AF1E14F1-D456-4E90-9B35-96D04E994598}.Debug|x86.ActiveCfg = Debug|Win32
		{AF1E14F1-D456-4E90-9B35-96D04E994598}.Debug|x86.Build.0 = Debug|Win32
		{AF1E14F1-D456-4E90-9B35-96D04E994598}.Release|x64.ActiveCfg = Release|x64
		{AF1E14F1-D456-4E90-9B35-96D04E994598}.Release|x64.Build.0 = Release|x64
		{AF1E14F1-D456-4E90-9B35-96D04E994598}.Release|x86.ActiveCfg = Release|Win32
		{AF1E14F1-D456-4E90-9B35-96D04E994598}.Release|x86.Build.0 = Release|Win32
	EndGlobalSection
	GlobalSection(SolutionProperties) = preSolution
		HideSolutionNode = FALSE
	EndGlobalSection
	GlobalSection(ExtensibilityGlobals) = postSolution
		SolutionGuid = {1CD1DAA2-7448-4BC1-9873-BB191B8546D2}
	EndGlobalSection
EndGlobal
